
Microsoft Visual Studio Solution File, Format Version 12.00
# Visual Studio Version 17
VisualStudioVersion = 17.4.33213.308
MinimumVisualStudioVersion = 10.0.40219.1
Project("{FAE04EC0-301F-11D3-BF4B-00C04F79EFBC}") = "gitapp", "gitapp\gitapp.csproj", "{6889250D-0A96-49F4-A52B-AF7224CE0DCE}"
EndProject
Global
	GlobalSection(SolutionConfigurationPlatforms) = preSolution
		Debug|Any CPU = Debug|Any CPU
		Release|Any CPU = Release|Any CPU
	EndGlobalSection
	GlobalSection(ProjectConfigurationPlatforms) = postSolution
		{6889250D-0A96-49F4-A52B-AF7224CE0DCE}.Debug|Any CPU.ActiveCfg = Debug|Any CPU
		{6889250D-0A96-49F4-A52B-AF7224CE0DCE}.Debug|Any CPU.Build.0 = Debug|Any CPU
		{6889250D-0A96-49F4-A52B-AF7224CE0DCE}.Release|Any CPU.ActiveCfg = Release|Any CPU
		{6889250D-0A96-49F4-A52B-AF7224CE0DCE}.Release|Any CPU.Build.0 = Release|Any CPU
	EndGlobalSection
	GlobalSection(SolutionProperties) = preSolution
		HideSolutionNode = FALSE
	EndGlobalSection
	GlobalSection(ExtensibilityGlobals) = postSolution
		SolutionGuid = {FBC05914-C34A-42D2-821F-52B2C4155D9F}
	EndGlobalSection
EndGlobal
